// !$*UTF8*$!
{
	archiveVersion = 1;
	classes = {
	};
	objectVersion = 55;
	objects = {

/* Begin PBXBuildFile section */
		7A70C734280E1A2300E98717 /* AppDelegate.swift in Sources */ = {isa = PBXBuildFile; fileRef = 7A70C733280E1A2300E98717 /* AppDelegate.swift */; };
		7A70C736280E1A2300E98717 /* SceneDelegate.swift in Sources */ = {isa = PBXBuildFile; fileRef = 7A70C735280E1A2300E98717 /* SceneDelegate.swift */; };
		7A70C738280E1A2300E98717 /* ViewController.swift in Sources */ = {isa = PBXBuildFile; fileRef = 7A70C737280E1A2300E98717 /* ViewController.swift */; };
		7A70C73B280E1A2300E98717 /* Main.storyboard in Resources */ = {isa = PBXBuildFile; fileRef = 7A70C739280E1A2300E98717 /* Main.storyboard */; };
		7A70C73D280E1A2400E98717 /* Assets.xcassets in Resources */ = {isa = PBXBuildFile; fileRef = 7A70C73C280E1A2400E98717 /* Assets.xcassets */; };
		7A70C740280E1A2400E98717 /* LaunchScreen.storyboard in Resources */ = {isa = PBXBuildFile; fileRef = 7A70C73E280E1A2400E98717 /* LaunchScreen.storyboard */; };
		7A70C74B280E1A2400E98717 /* carpoolTests.swift in Sources */ = {isa = PBXBuildFile; fileRef = 7A70C74A280E1A2400E98717 /* carpoolTests.swift */; };
		7A70C755280E1A2400E98717 /* carpoolUITests.swift in Sources */ = {isa = PBXBuildFile; fileRef = 7A70C754280E1A2400E98717 /* carpoolUITests.swift */; };
		7A70C757280E1A2400E98717 /* carpoolUITestsLaunchTests.swift in Sources */ = {isa = PBXBuildFile; fileRef = 7A70C756280E1A2400E98717 /* carpoolUITestsLaunchTests.swift */; };
/* End PBXBuildFile section */

/* Begin PBXContainerItemProxy section */
		7A70C747280E1A2400E98717 /* PBXContainerItemProxy */ = {
			isa = PBXContainerItemProxy;
			containerPortal = 7A70C728280E1A2300E98717 /* Project object */;
			proxyType = 1;
			remoteGlobalIDString = 7A70C72F280E1A2300E98717;
			remoteInfo = carpool;
		};
		7A70C751280E1A2400E98717 /* PBXContainerItemProxy */ = {
			isa = PBXContainerItemProxy;
			containerPortal = 7A70C728280E1A2300E98717 /* Project object */;
			proxyType = 1;
			remoteGlobalIDString = 7A70C72F280E1A2300E98717;
			remoteInfo = carpool;
		};
/* End PBXContainerItemProxy section */

/* Begin PBXFileReference section */
		7A70C730280E1A2300E98717 /* carpool.app */ = {isa = PBXFileReference; explicitFileType = wrapper.application; includeInIndex = 0; path = carpool.app; sourceTree = BUILT_PRODUCTS_DIR; };
		7A70C733280E1A2300E98717 /* AppDelegate.swift */ = {isa = PBXFileReference; lastKnownFileType = sourcecode.swift; path = AppDelegate.swift; sourceTree = "<group>"; };
		7A70C735280E1A2300E98717 /* SceneDelegate.swift */ = {isa = PBXFileReference; lastKnownFileType = sourcecode.swift; path = SceneDelegate.swift; sourceTree = "<group>"; };
		7A70C737280E1A2300E98717 /* ViewController.swift */ = {isa = PBXFileReference; lastKnownFileType = sourcecode.swift; path = ViewController.swift; sourceTree = "<group>"; };
		7A70C73A280E1A2300E98717 /* Base */ = {isa = PBXFileReference; lastKnownFileType = file.storyboard; name = Base; path = Base.lproj/Main.storyboard; sourceTree = "<group>"; };
		7A70C73C280E1A2400E98717 /* Assets.xcassets */ = {isa = PBXFileReference; lastKnownFileType = folder.assetcatalog; path = Assets.xcassets; sourceTree = "<group>"; };
		7A70C73F280E1A2400E98717 /* Base */ = {isa = PBXFileReference; lastKnownFileType = file.storyboard; name = Base; path = Base.lproj/LaunchScreen.storyboard; sourceTree = "<group>"; };
		7A70C741280E1A2400E98717 /* Info.plist */ = {isa = PBXFileReference; lastKnownFileType = text.plist.xml; path = Info.plist; sourceTree = "<group>"; };
		7A70C746280E1A2400E98717 /* carpoolTests.xctest */ = {isa = PBXFileReference; explicitFileType = wrapper.cfbundle; includeInIndex = 0; path = carpoolTests.xctest; sourceTree = BUILT_PRODUCTS_DIR; };
		7A70C74A280E1A2400E98717 /* carpoolTests.swift */ = {isa = PBXFileReference; lastKnownFileType = sourcecode.swift; path = carpoolTests.swift; sourceTree = "<group>"; };
		7A70C750280E1A2400E98717 /* carpoolUITests.xctest */ = {isa = PBXFileReference; explicitFileType = wrapper.cfbundle; includeInIndex = 0; path = carpoolUITests.xctest; sourceTree = BUILT_PRODUCTS_DIR; };
		7A70C754280E1A2400E98717 /* carpoolUITests.swift */ = {isa = PBXFileReference; lastKnownFileType = sourcecode.swift; path = carpoolUITests.swift; sourceTree = "<group>"; };
		7A70C756280E1A2400E98717 /* carpoolUITestsLaunchTests.swift */ = {isa = PBXFileReference; lastKnownFileType = sourcecode.swift; path = carpoolUITestsLaunchTests.swift; sourceTree = "<group>"; };
/* End PBXFileReference section */

/* Begin PBXFrameworksBuildPhase section */
		7A70C72D280E1A2300E98717 /* Frameworks */ = {
			isa = PBXFrameworksBuildPhase;
			buildActionMask = 2147483647;
			files = (
			);
			runOnlyForDeploymentPostprocessing = 0;
		};
		7A70C743280E1A2400E98717 /* Frameworks */ = {
			isa = PBXFrameworksBuildPhase;
			buildActionMask = 2147483647;
			files = (
			);
			runOnlyForDeploymentPostprocessing = 0;
		};
		7A70C74D280E1A2400E98717 /* Frameworks */ = {
			isa = PBXFrameworksBuildPhase;
			buildActionMask = 2147483647;
			files = (
			);
			runOnlyForDeploymentPostprocessing = 0;
		};
/* End PBXFrameworksBuildPhase section */

/* Begin PBXGroup section */
		7A70C727280E1A2300E98717 = {
			isa = PBXGroup;
			children = (
				7A70C732280E1A2300E98717 /* carpool */,
				7A70C749280E1A2400E98717 /* carpoolTests */,
				7A70C753280E1A2400E98717 /* carpoolUITests */,
				7A70C731280E1A2300E98717 /* Products */,
			);
			sourceTree = "<group>";
		};
		7A70C731280E1A2300E98717 /* Products */ = {
			isa = PBXGroup;
			children = (
				7A70C730280E1A2300E98717 /* carpool.app */,
				7A70C746280E1A2400E98717 /* carpoolTests.xctest */,
				7A70C750280E1A2400E98717 /* carpoolUITests.xctest */,
			);
			name = Products;
			sourceTree = "<group>";
		};
		7A70C732280E1A2300E98717 /* carpool */ = {
			isa = PBXGroup;
			children = (
				7A70C733280E1A2300E98717 /* AppDelegate.swift */,
				7A70C735280E1A2300E98717 /* SceneDelegate.swift */,
				7A70C737280E1A2300E98717 /* ViewController.swift */,
				7A70C739280E1A2300E98717 /* Main.storyboard */,
				7A70C73C280E1A2400E98717 /* Assets.xcassets */,
				7A70C73E280E1A2400E98717 /* LaunchScreen.storyboard */,
				7A70C741280E1A2400E98717 /* Info.plist */,
			);
			path = carpool;
			sourceTree = "<group>";
		};
		7A70C749280E1A2400E98717 /* carpoolTests */ = {
			isa = PBXGroup;
			children = (
				7A70C74A280E1A2400E98717 /* carpoolTests.swift */,
			);
			path = carpoolTests;
			sourceTree = "<group>";
		};
		7A70C753280E1A2400E98717 /* carpoolUITests */ = {
			isa = PBXGroup;
			children = (
				7A70C754280E1A2400E98717 /* carpoolUITests.swift */,
				7A70C756280E1A2400E98717 /* carpoolUITestsLaunchTests.swift */,
			);
			path = carpoolUITests;
			sourceTree = "<group>";
		};
/* End PBXGroup section */

/* Begin PBXNativeTarget section */
		7A70C72F280E1A2300E98717 /* carpool */ = {
			isa = PBXNativeTarget;
			buildConfigurationList = 7A70C75A280E1A2400E98717 /* Build configuration list for PBXNativeTarget "carpool" */;
			buildPhases = (
				7A70C72C280E1A2300E98717 /* Sources */,
				7A70C72D280E1A2300E98717 /* Frameworks */,
				7A70C72E280E1A2300E98717 /* Resources */,
			);
			buildRules = (
			);
			dependencies = (
			);
			name = carpool;
			productName = carpool;
			productReference = 7A70C730280E1A2300E98717 /* carpool.app */;
			productType = "com.apple.product-type.application";
		};
		7A70C745280E1A2400E98717 /* carpoolTests */ = {
			isa = PBXNativeTarget;
			buildConfigurationList = 7A70C75D280E1A2400E98717 /* Build configuration list for PBXNativeTarget "carpoolTests" */;
			buildPhases = (
				7A70C742280E1A2400E98717 /* Sources */,
				7A70C743280E1A2400E98717 /* Frameworks */,
				7A70C744280E1A2400E98717 /* Resources */,
			);
			buildRules = (
			);
			dependencies = (
				7A70C748280E1A2400E98717 /* PBXTargetDependency */,
			);
			name = carpoolTests;
			productName = carpoolTests;
			productReference = 7A70C746280E1A2400E98717 /* carpoolTests.xctest */;
			productType = "com.apple.product-type.bundle.unit-test";
		};
		7A70C74F280E1A2400E98717 /* carpoolUITests */ = {
			isa = PBXNativeTarget;
			buildConfigurationList = 7A70C760280E1A2400E98717 /* Build configuration list for PBXNativeTarget "carpoolUITests" */;
			buildPhases = (
				7A70C74C280E1A2400E98717 /* Sources */,
				7A70C74D280E1A2400E98717 /* Frameworks */,
				7A70C74E280E1A2400E98717 /* Resources */,
			);
			buildRules = (
			);
			dependencies = (
				7A70C752280E1A2400E98717 /* PBXTargetDependency */,
			);
			name = carpoolUITests;
			productName = carpoolUITests;
			productReference = 7A70C750280E1A2400E98717 /* carpoolUITests.xctest */;
			productType = "com.apple.product-type.bundle.ui-testing";
		};
/* End PBXNativeTarget section */

/* Begin PBXProject section */
		7A70C728280E1A2300E98717 /* Project object */ = {
			isa = PBXProject;
			attributes = {
				BuildIndependentTargetsInParallel = 1;
				LastSwiftUpdateCheck = 1330;
				LastUpgradeCheck = 1330;
				TargetAttributes = {
					7A70C72F280E1A2300E98717 = {
						CreatedOnToolsVersion = 13.3.1;
					};
					7A70C745280E1A2400E98717 = {
						CreatedOnToolsVersion = 13.3.1;
						TestTargetID = 7A70C72F280E1A2300E98717;
					};
					7A70C74F280E1A2400E98717 = {
						CreatedOnToolsVersion = 13.3.1;
						TestTargetID = 7A70C72F280E1A2300E98717;
					};
				};
			};
			buildConfigurationList = 7A70C72B280E1A2300E98717 /* Build configuration list for PBXProject "carpool" */;
			compatibilityVersion = "Xcode 13.0";
			developmentRegion = en;
			hasScannedForEncodings = 0;
			knownRegions = (
				en,
				Base,
			);
			mainGroup = 7A70C727280E1A2300E98717;
			productRefGroup = 7A70C731280E1A2300E98717 /* Products */;
			projectDirPath = "";
			projectRoot = "";
			targets = (
				7A70C72F280E1A2300E98717 /* carpool */,
				7A70C745280E1A2400E98717 /* carpoolTests */,
				7A70C74F280E1A2400E98717 /* carpoolUITests */,
			);
		};
/* End PBXProject section */

/* Begin PBXResourcesBuildPhase section */
		7A70C72E280E1A2300E98717 /* Resources */ = {
			isa = PBXResourcesBuildPhase;
			buildActionMask = 2147483647;
			files = (
				7A70C740280E1A2400E98717 /* LaunchScreen.storyboard in Resources */,
				7A70C73D280E1A2400E98717 /* Assets.xcassets in Resources */,
				7A70C73B280E1A2300E98717 /* Main.storyboard in Resources */,
			);
			runOnlyForDeploymentPostprocessing = 0;
		};
		7A70C744280E1A2400E98717 /* Resources */ = {
			isa = PBXResourcesBuildPhase;
			buildActionMask = 2147483647;
			files = (
			);
			runOnlyForDeploymentPostprocessing = 0;
		};
		7A70C74E280E1A2400E98717 /* Resources */ = {
			isa = PBXResourcesBuildPhase;
			buildActionMask = 2147483647;
			files = (
			);
			runOnlyForDeploymentPostprocessing = 0;
		};
/* End PBXResourcesBuildPhase section */

/* Begin PBXSourcesBuildPhase section */
		7A70C72C280E1A2300E98717 /* Sources */ = {
			isa = PBXSourcesBuildPhase;
			buildActionMask = 2147483647;
			files = (
				7A70C738280E1A2300E98717 /* ViewController.swift in Sources */,
				7A70C734280E1A2300E98717 /* AppDelegate.swift in Sources */,
				7A70C736280E1A2300E98717 /* SceneDelegate.swift in Sources */,
			);
			runOnlyForDeploymentPostprocessing = 0;
		};
		7A70C742280E1A2400E98717 /* Sources */ = {
			isa = PBXSourcesBuildPhase;
			buildActionMask = 2147483647;
			files = (
				7A70C74B280E1A2400E98717 /* carpoolTests.swift in Sources */,
			);
			runOnlyForDeploymentPostprocessing = 0;
		};
		7A70C74C280E1A2400E98717 /* Sources */ = {
			isa = PBXSourcesBuildPhase;
			buildActionMask = 2147483647;
			files = (
				7A70C755280E1A2400E98717 /* carpoolUITests.swift in Sources */,
				7A70C757280E1A2400E98717 /* carpoolUITestsLaunchTests.swift in Sources */,
			);
			runOnlyForDeploymentPostprocessing = 0;
		};
/* End PBXSourcesBuildPhase section */

/* Begin PBXTargetDependency section */
		7A70C748280E1A2400E98717 /* PBXTargetDependency */ = {
			isa = PBXTargetDependency;
			target = 7A70C72F280E1A2300E98717 /* carpool */;
			targetProxy = 7A70C747280E1A2400E98717 /* PBXContainerItemProxy */;
		};
		7A70C752280E1A2400E98717 /* PBXTargetDependency */ = {
			isa = PBXTargetDependency;
			target = 7A70C72F280E1A2300E98717 /* carpool */;
			targetProxy = 7A70C751280E1A2400E98717 /* PBXContainerItemProxy */;
		};
/* End PBXTargetDependency section */

/* Begin PBXVariantGroup section */
		7A70C739280E1A2300E98717 /* Main.storyboard */ = {
			isa = PBXVariantGroup;
			children = (
				7A70C73A280E1A2300E98717 /* Base */,
			);
			name = Main.storyboard;
			sourceTree = "<group>";
		};
		7A70C73E280E1A2400E98717 /* LaunchScreen.storyboard */ = {
			isa = PBXVariantGroup;
			children = (
				7A70C73F280E1A2400E98717 /* Base */,
			);
			name = LaunchScreen.storyboard;
			sourceTree = "<group>";
		};
/* End PBXVariantGroup section */

/* Begin XCBuildConfiguration section */
		7A70C758280E1A2400E98717 /* Debug */ = {
			isa = XCBuildConfiguration;
			buildSettings = {
				ALWAYS_SEARCH_USER_PATHS = NO;
				CLANG_ANALYZER_NONNULL = YES;
				CLANG_ANALYZER_NUMBER_OBJECT_CONVERSION = YES_AGGRESSIVE;
				CLANG_CXX_LANGUAGE_STANDARD = "gnu++17";
				CLANG_ENABLE_MODULES = YES;
				CLANG_ENABLE_OBJC_ARC = YES;
				CLANG_ENABLE_OBJC_WEAK = YES;
				CLANG_WARN_BLOCK_CAPTURE_AUTORELEASING = YES;
				CLANG_WARN_BOOL_CONVERSION = YES;
				CLANG_WARN_COMMA = YES;
				CLANG_WARN_CONSTANT_CONVERSION = YES;
				CLANG_WARN_DEPRECATED_OBJC_IMPLEMENTATIONS = YES;
				CLANG_WARN_DIRECT_OBJC_ISA_USAGE = YES_ERROR;
				CLANG_WARN_DOCUMENTATION_COMMENTS = YES;
				CLANG_WARN_EMPTY_BODY = YES;
				CLANG_WARN_ENUM_CONVERSION = YES;
				CLANG_WARN_INFINITE_RECURSION = YES;
				CLANG_WARN_INT_CONVERSION = YES;
				CLANG_WARN_NON_LITERAL_NULL_CONVERSION = YES;
				CLANG_WARN_OBJC_IMPLICIT_RETAIN_SELF = YES;
				CLANG_WARN_OBJC_LITERAL_CONVERSION = YES;
				CLANG_WARN_OBJC_ROOT_CLASS = YES_ERROR;
				CLANG_WARN_QUOTED_INCLUDE_IN_FRAMEWORK_HEADER = YES;
				CLANG_WARN_RANGE_LOOP_ANALYSIS = YES;
				CLANG_WARN_STRICT_PROTOTYPES = YES;
				CLANG_WARN_SUSPICIOUS_MOVE = YES;
				CLANG_WARN_UNGUARDED_AVAILABILITY = YES_AGGRESSIVE;
				CLANG_WARN_UNREACHABLE_CODE = YES;
				CLANG_WARN__DUPLICATE_METHOD_MATCH = YES;
				COPY_PHASE_STRIP = NO;
				DEBUG_INFORMATION_FORMAT = dwarf;
				ENABLE_STRICT_OBJC_MSGSEND = YES;
				ENABLE_TESTABILITY = YES;
				GCC_C_LANGUAGE_STANDARD = gnu11;
				GCC_DYNAMIC_NO_PIC = NO;
				GCC_NO_COMMON_BLOCKS = YES;
				GCC_OPTIMIZATION_LEVEL = 0;
				GCC_PREPROCESSOR_DEFINITIONS = (
					"DEBUG=1",
					"$(inherited)",
				);
				GCC_WARN_64_TO_32_BIT_CONVERSION = YES;
				GCC_WARN_ABOUT_RETURN_TYPE = YES_ERROR;
				GCC_WARN_UNDECLARED_SELECTOR = YES;
				GCC_WARN_UNINITIALIZED_AUTOS = YES_AGGRESSIVE;
				GCC_WARN_UNUSED_FUNCTION = YES;
				GCC_WARN_UNUSED_VARIABLE = YES;
				IPHONEOS_DEPLOYMENT_TARGET = 15.4;
				MTL_ENABLE_DEBUG_INFO = INCLUDE_SOURCE;
				MTL_FAST_MATH = YES;
				ONLY_ACTIVE_ARCH = YES;
				SDKROOT = iphoneos;
				SWIFT_ACTIVE_COMPILATION_CONDITIONS = DEBUG;
				SWIFT_OPTIMIZATION_LEVEL = "-Onone";
			};
			name = Debug;
		};
		7A70C759280E1A2400E98717 /* Release */ = {
			isa = XCBuildConfiguration;
			buildSettings = {
				ALWAYS_SEARCH_USER_PATHS = NO;
				CLANG_ANALYZER_NONNULL = YES;
				CLANG_ANALYZER_NUMBER_OBJECT_CONVERSION = YES_AGGRESSIVE;
				CLANG_CXX_LANGUAGE_STANDARD = "gnu++17";
				CLANG_ENABLE_MODULES = YES;
				CLANG_ENABLE_OBJC_ARC = YES;
				CLANG_ENABLE_OBJC_WEAK = YES;
				CLANG_WARN_BLOCK_CAPTURE_AUTORELEASING = YES;
				CLANG_WARN_BOOL_CONVERSION = YES;
				CLANG_WARN_COMMA = YES;
				CLANG_WARN_CONSTANT_CONVERSION = YES;
				CLANG_WARN_DEPRECATED_OBJC_IMPLEMENTATIONS = YES;
				CLANG_WARN_DIRECT_OBJC_ISA_USAGE = YES_ERROR;
				CLANG_WARN_DOCUMENTATION_COMMENTS = YES;
				CLANG_WARN_EMPTY_BODY = YES;
				CLANG_WARN_ENUM_CONVERSION = YES;
				CLANG_WARN_INFINITE_RECURSION = YES;
				CLANG_WARN_INT_CONVERSION = YES;
				CLANG_WARN_NON_LITERAL_NULL_CONVERSION = YES;
				CLANG_WARN_OBJC_IMPLICIT_RETAIN_SELF = YES;
				CLANG_WARN_OBJC_LITERAL_CONVERSION = YES;
				CLANG_WARN_OBJC_ROOT_CLASS = YES_ERROR;
				CLANG_WARN_QUOTED_INCLUDE_IN_FRAMEWORK_HEADER = YES;
				CLANG_WARN_RANGE_LOOP_ANALYSIS = YES;
				CLANG_WARN_STRICT_PROTOTYPES = YES;
				CLANG_WARN_SUSPICIOUS_MOVE = YES;
				CLANG_WARN_UNGUARDED_AVAILABILITY = YES_AGGRESSIVE;
				CLANG_WARN_UNREACHABLE_CODE = YES;
				CLANG_WARN__DUPLICATE_METHOD_MATCH = YES;
				COPY_PHASE_STRIP = NO;
				DEBUG_INFORMATION_FORMAT = "dwarf-with-dsym";
				ENABLE_NS_ASSERTIONS = NO;
				ENABLE_STRICT_OBJC_MSGSEND = YES;
				GCC_C_LANGUAGE_STANDARD = gnu11;
				GCC_NO_COMMON_BLOCKS = YES;
				GCC_WARN_64_TO_32_BIT_CONVERSION = YES;
				GCC_WARN_ABOUT_RETURN_TYPE = YES_ERROR;
				GCC_WARN_UNDECLARED_SELECTOR = YES;
				GCC_WARN_UNINITIALIZED_AUTOS = YES_AGGRESSIVE;
				GCC_WARN_UNUSED_FUNCTION = YES;
				GCC_WARN_UNUSED_VARIABLE = YES;
				IPHONEOS_DEPLOYMENT_TARGET = 15.4;
				MTL_ENABLE_DEBUG_INFO = NO;
				MTL_FAST_MATH = YES;
				SDKROOT = iphoneos;
				SWIFT_COMPILATION_MODE = wholemodule;
				SWIFT_OPTIMIZATION_LEVEL = "-O";
				VALIDATE_PRODUCT = YES;
			};
			name = Release;
		};
		7A70C75B280E1A2400E98717 /* Debug */ = {
			isa = XCBuildConfiguration;
			buildSettings = {
				ASSETCATALOG_COMPILER_APPICON_NAME = AppIcon;
				ASSETCATALOG_COMPILER_GLOBAL_ACCENT_COLOR_NAME = AccentColor;
				CODE_SIGN_STYLE = Automatic;
				CURRENT_PROJECT_VERSION = 1;
				GENERATE_INFOPLIST_FILE = YES;
				INFOPLIST_FILE = carpool/Info.plist;
				INFOPLIST_KEY_UIApplicationSupportsIndirectInputEvents = YES;
				INFOPLIST_KEY_UILaunchStoryboardName = LaunchScreen;
				INFOPLIST_KEY_UIMainStoryboardFile = Main;
				INFOPLIST_KEY_UISupportedInterfaceOrientations_iPad = "UIInterfaceOrientationPortrait UIInterfaceOrientationPortraitUpsideDown UIInterfaceOrientationLandscapeLeft UIInterfaceOrientationLandscapeRight";
				INFOPLIST_KEY_UISupportedInterfaceOrientations_iPhone = "UIInterfaceOrientationPortrait UIInterfaceOrientationLandscapeLeft UIInterfaceOrientationLandscapeRight";
				LD_RUNPATH_SEARCH_PATHS = (
					"$(inherited)",
					"@executable_path/Frameworks",
				);
				MARKETING_VERSION = 1.0;
				PRODUCT_BUNDLE_IDENTIFIER = edu.vassar.codepath.carpool;
				PRODUCT_NAME = "$(TARGET_NAME)";
				SWIFT_EMIT_LOC_STRINGS = YES;
				SWIFT_VERSION = 5.0;
				TARGETED_DEVICE_FAMILY = "1,2";
			};
			name = Debug;
		};
		7A70C75C280E1A2400E98717 /* Release */ = {
			isa = XCBuildConfiguration;
			buildSettings = {
				ASSETCATALOG_COMPILER_APPICON_NAME = AppIcon;
				ASSETCATALOG_COMPILER_GLOBAL_ACCENT_COLOR_NAME = AccentColor;
				CODE_SIGN_STYLE = Automatic;
				CURRENT_PROJECT_VERSION = 1;
				GENERATE_INFOPLIST_FILE = YES;
				INFOPLIST_FILE = carpool/Info.plist;
				INFOPLIST_KEY_UIApplicationSupportsIndirectInputEvents = YES;
				INFOPLIST_KEY_UILaunchStoryboardName = LaunchScreen;
				INFOPLIST_KEY_UIMainStoryboardFile = Main;
				INFOPLIST_KEY_UISupportedInterfaceOrientations_iPad = "UIInterfaceOrientationPortrait UIInterfaceOrientationPortraitUpsideDown UIInterfaceOrientationLandscapeLeft UIInterfaceOrientationLandscapeRight";
				INFOPLIST_KEY_UISupportedInterfaceOrientations_iPhone = "UIInterfaceOrientationPortrait UIInterfaceOrientationLandscapeLeft UIInterfaceOrientationLandscapeRight";
				LD_RUNPATH_SEARCH_PATHS = (
					"$(inherited)",
					"@executable_path/Frameworks",
				);
				MARKETING_VERSION = 1.0;
				PRODUCT_BUNDLE_IDENTIFIER = edu.vassar.codepath.carpool;
				PRODUCT_NAME = "$(TARGET_NAME)";
				SWIFT_EMIT_LOC_STRINGS = YES;
				SWIFT_VERSION = 5.0;
				TARGETED_DEVICE_FAMILY = "1,2";
			};
			name = Release;
		};
		7A70C75E280E1A2400E98717 /* Debug */ = {
			isa = XCBuildConfiguration;
			buildSettings = {
				ALWAYS_EMBED_SWIFT_STANDARD_LIBRARIES = YES;
				BUNDLE_LOADER = "$(TEST_HOST)";
				CODE_SIGN_STYLE = Automatic;
				CURRENT_PROJECT_VERSION = 1;
				GENERATE_INFOPLIST_FILE = YES;
				IPHONEOS_DEPLOYMENT_TARGET = 15.4;
				MARKETING_VERSION = 1.0;
				PRODUCT_BUNDLE_IDENTIFIER = edu.vassar.codepath.carpoolTests;
				PRODUCT_NAME = "$(TARGET_NAME)";
				SWIFT_EMIT_LOC_STRINGS = NO;
				SWIFT_VERSION = 5.0;
				TARGETED_DEVICE_FAMILY = "1,2";
				TEST_HOST = "$(BUILT_PRODUCTS_DIR)/carpool.app/carpool";
			};
			name = Debug;
		};
		7A70C75F280E1A2400E98717 /* Release */ = {
			isa = XCBuildConfiguration;
			buildSettings = {
				ALWAYS_EMBED_SWIFT_STANDARD_LIBRARIES = YES;
				BUNDLE_LOADER = "$(TEST_HOST)";
				CODE_SIGN_STYLE = Automatic;
				CURRENT_PROJECT_VERSION = 1;
				GENERATE_INFOPLIST_FILE = YES;
				IPHONEOS_DEPLOYMENT_TARGET = 15.4;
				MARKETING_VERSION = 1.0;
				PRODUCT_BUNDLE_IDENTIFIER = edu.vassar.codepath.carpoolTests;
				PRODUCT_NAME = "$(TARGET_NAME)";
				SWIFT_EMIT_LOC_STRINGS = NO;
				SWIFT_VERSION = 5.0;
				TARGETED_DEVICE_FAMILY = "1,2";
				TEST_HOST = "$(BUILT_PRODUCTS_DIR)/carpool.app/carpool";
			};
			name = Release;
		};
		7A70C761280E1A2400E98717 /* Debug */ = {
			isa = XCBuildConfiguration;
			buildSettings = {
				ALWAYS_EMBED_SWIFT_STANDARD_LIBRARIES = YES;
				CODE_SIGN_STYLE = Automatic;
				CURRENT_PROJECT_VERSION = 1;
				GENERATE_INFOPLIST_FILE = YES;
				MARKETING_VERSION = 1.0;
				PRODUCT_BUNDLE_IDENTIFIER = edu.vassar.codepath.carpoolUITests;
				PRODUCT_NAME = "$(TARGET_NAME)";
				SWIFT_EMIT_LOC_STRINGS = NO;
				SWIFT_VERSION = 5.0;
				TARGETED_DEVICE_FAMILY = "1,2";
				TEST_TARGET_NAME = carpool;
			};
			name = Debug;
		};
		7A70C762280E1A2400E98717 /* Release */ = {
			isa = XCBuildConfiguration;
			buildSettings = {
				ALWAYS_EMBED_SWIFT_STANDARD_LIBRARIES = YES;
				CODE_SIGN_STYLE = Automatic;
				CURRENT_PROJECT_VERSION = 1;
				GENERATE_INFOPLIST_FILE = YES;
				MARKETING_VERSION = 1.0;
				PRODUCT_BUNDLE_IDENTIFIER = edu.vassar.codepath.carpoolUITests;
				PRODUCT_NAME = "$(TARGET_NAME)";
				SWIFT_EMIT_LOC_STRINGS = NO;
				SWIFT_VERSION = 5.0;
				TARGETED_DEVICE_FAMILY = "1,2";
				TEST_TARGET_NAME = carpool;
			};
			name = Release;
		};
/* End XCBuildConfiguration section */

/* Begin XCConfigurationList section */
		7A70C72B280E1A2300E98717 /* Build configuration list for PBXProject "carpool" */ = {
			isa = XCConfigurationList;
			buildConfigurations = (
				7A70C758280E1A2400E98717 /* Debug */,
				7A70C759280E1A2400E98717 /* Release */,
			);
			defaultConfigurationIsVisible = 0;
			defaultConfigurationName = Release;
		};
		7A70C75A280E1A2400E98717 /* Build configuration list for PBXNativeTarget "carpool" */ = {
			isa = XCConfigurationList;
			buildConfigurations = (
				7A70C75B280E1A2400E98717 /* Debug */,
				7A70C75C280E1A2400E98717 /* Release */,
			);
			defaultConfigurationIsVisible = 0;
			defaultConfigurationName = Release;
		};
		7A70C75D280E1A2400E98717 /* Build configuration list for PBXNativeTarget "carpoolTests" */ = {
			isa = XCConfigurationList;
			buildConfigurations = (
				7A70C75E280E1A2400E98717 /* Debug */,
				7A70C75F280E1A2400E98717 /* Release */,
			);
			defaultConfigurationIsVisible = 0;
			defaultConfigurationName = Release;
		};
		7A70C760280E1A2400E98717 /* Build configuration list for PBXNativeTarget "carpoolUITests" */ = {
			isa = XCConfigurationList;
			buildConfigurations = (
				7A70C761280E1A2400E98717 /* Debug */,
				7A70C762280E1A2400E98717 /* Release */,
			);
			defaultConfigurationIsVisible = 0;
			defaultConfigurationName = Release;
		};
/* End XCConfigurationList section */
	};
	rootObject = 7A70C728280E1A2300E98717 /* Project object */;
}
