// !$*UTF8*$!
{
	archiveVersion = 1;
	classes = {
	};
	objectVersion = 55;
	objects = {

/* Begin PBXBuildFile section */
		671E6AC49554CA677FEFA83C /* Pods_carpoolTests.framework in Frameworks */ = {isa = PBXBuildFile; fileRef = B5A7805C364390788EE98882 /* Pods_carpoolTests.framework */; };
		7A4401B32816090000536DDF /* LoginViewController.swift in Sources */ = {isa = PBXBuildFile; fileRef = 7A4401B22816090000536DDF /* LoginViewController.swift */; };
		7A4401B52816090A00536DDF /* FeedViewController.swift in Sources */ = {isa = PBXBuildFile; fileRef = 7A4401B42816090A00536DDF /* FeedViewController.swift */; };
		7A5882272821C2B5007E3BB7 /* ChooseRideProvideCell.swift in Sources */ = {isa = PBXBuildFile; fileRef = 7A5882262821C2B5007E3BB7 /* ChooseRideProvideCell.swift */; };
		7A5882292821C2CE007E3BB7 /* ChooseRideProvideViewController.swift in Sources */ = {isa = PBXBuildFile; fileRef = 7A5882282821C2CE007E3BB7 /* ChooseRideProvideViewController.swift */; };
		7A58822B2821D81D007E3BB7 /* PublishRideViewController.swift in Sources */ = {isa = PBXBuildFile; fileRef = 7A58822A2821D81D007E3BB7 /* PublishRideViewController.swift */; };
		7A58822D2821D82A007E3BB7 /* CancelRideViewController.swift in Sources */ = {isa = PBXBuildFile; fileRef = 7A58822C2821D82A007E3BB7 /* CancelRideViewController.swift */; };
		7A58822F2821DA16007E3BB7 /* NeedRideViewController.swift in Sources */ = {isa = PBXBuildFile; fileRef = 7A58822E2821DA16007E3BB7 /* NeedRideViewController.swift */; };
		7A70C734280E1A2300E98717 /* AppDelegate.swift in Sources */ = {isa = PBXBuildFile; fileRef = 7A70C733280E1A2300E98717 /* AppDelegate.swift */; };
		7A70C736280E1A2300E98717 /* SceneDelegate.swift in Sources */ = {isa = PBXBuildFile; fileRef = 7A70C735280E1A2300E98717 /* SceneDelegate.swift */; };
		7A70C73B280E1A2300E98717 /* Main.storyboard in Resources */ = {isa = PBXBuildFile; fileRef = 7A70C739280E1A2300E98717 /* Main.storyboard */; };
		7A70C73D280E1A2400E98717 /* Assets.xcassets in Resources */ = {isa = PBXBuildFile; fileRef = 7A70C73C280E1A2400E98717 /* Assets.xcassets */; };
		7A70C740280E1A2400E98717 /* LaunchScreen.storyboard in Resources */ = {isa = PBXBuildFile; fileRef = 7A70C73E280E1A2400E98717 /* LaunchScreen.storyboard */; };
		7A70C74B280E1A2400E98717 /* carpoolTests.swift in Sources */ = {isa = PBXBuildFile; fileRef = 7A70C74A280E1A2400E98717 /* carpoolTests.swift */; };
		7A70C755280E1A2400E98717 /* carpoolUITests.swift in Sources */ = {isa = PBXBuildFile; fileRef = 7A70C754280E1A2400E98717 /* carpoolUITests.swift */; };
		7A70C757280E1A2400E98717 /* carpoolUITestsLaunchTests.swift in Sources */ = {isa = PBXBuildFile; fileRef = 7A70C756280E1A2400E98717 /* carpoolUITestsLaunchTests.swift */; };
		9211EC8084174F4021DB19BB /* Pods_carpool_carpoolUITests.framework in Frameworks */ = {isa = PBXBuildFile; fileRef = 93D84B42FC9E61C4D461A656 /* Pods_carpool_carpoolUITests.framework */; };
		D84A99382818D73C0001AE3D /* ChooseRideDetailsViewController.swift in Sources */ = {isa = PBXBuildFile; fileRef = D84A99372818D73C0001AE3D /* ChooseRideDetailsViewController.swift */; };
		D86096ED280E3176005827B9 /* ChooseRideCell.swift in Sources */ = {isa = PBXBuildFile; fileRef = D86096EC280E3176005827B9 /* ChooseRideCell.swift */; };
		D86096EF280E497C005827B9 /* RequestRideViewController.swift in Sources */ = {isa = PBXBuildFile; fileRef = D86096EE280E497C005827B9 /* RequestRideViewController.swift */; };
		D8B82E1B280E20E800623ED0 /* ChooseRideViewController.swift in Sources */ = {isa = PBXBuildFile; fileRef = D8B82E1A280E20E800623ED0 /* ChooseRideViewController.swift */; };
		D8B82E1F280E223000623ED0 /* NeedRideStoryboard.storyboard in Resources */ = {isa = PBXBuildFile; fileRef = D8B82E1E280E223000623ED0 /* NeedRideStoryboard.storyboard */; };
		E1D26C1BC554911BFC32B8D0 /* Pods_carpool.framework in Frameworks */ = {isa = PBXBuildFile; fileRef = 70DFA0FE749F60CF00E0AA87 /* Pods_carpool.framework */; };
/* End PBXBuildFile section */

/* Begin PBXContainerItemProxy section */
		7A70C747280E1A2400E98717 /* PBXContainerItemProxy */ = {
			isa = PBXContainerItemProxy;
			containerPortal = 7A70C728280E1A2300E98717 /* Project object */;
			proxyType = 1;
			remoteGlobalIDString = 7A70C72F280E1A2300E98717;
			remoteInfo = carpool;
		};
		7A70C751280E1A2400E98717 /* PBXContainerItemProxy */ = {
			isa = PBXContainerItemProxy;
			containerPortal = 7A70C728280E1A2300E98717 /* Project object */;
			proxyType = 1;
			remoteGlobalIDString = 7A70C72F280E1A2300E98717;
			remoteInfo = carpool;
		};
/* End PBXContainerItemProxy section */

/* Begin PBXFileReference section */
		2310A04D0D17EA679BE37DB8 /* Pods-carpoolTests.debug.xcconfig */ = {isa = PBXFileReference; includeInIndex = 1; lastKnownFileType = text.xcconfig; name = "Pods-carpoolTests.debug.xcconfig"; path = "Target Support Files/Pods-carpoolTests/Pods-carpoolTests.debug.xcconfig"; sourceTree = "<group>"; };
		70DFA0FE749F60CF00E0AA87 /* Pods_carpool.framework */ = {isa = PBXFileReference; explicitFileType = wrapper.framework; includeInIndex = 0; path = Pods_carpool.framework; sourceTree = BUILT_PRODUCTS_DIR; };
		798FF39C0CFE8138A9873C76 /* Pods-carpool.release.xcconfig */ = {isa = PBXFileReference; includeInIndex = 1; lastKnownFileType = text.xcconfig; name = "Pods-carpool.release.xcconfig"; path = "Target Support Files/Pods-carpool/Pods-carpool.release.xcconfig"; sourceTree = "<group>"; };
		7A4401B22816090000536DDF /* LoginViewController.swift */ = {isa = PBXFileReference; lastKnownFileType = sourcecode.swift; path = LoginViewController.swift; sourceTree = "<group>"; };
		7A4401B42816090A00536DDF /* FeedViewController.swift */ = {isa = PBXFileReference; lastKnownFileType = sourcecode.swift; path = FeedViewController.swift; sourceTree = "<group>"; };
		7A5882262821C2B5007E3BB7 /* ChooseRideProvideCell.swift */ = {isa = PBXFileReference; lastKnownFileType = sourcecode.swift; path = ChooseRideProvideCell.swift; sourceTree = "<group>"; };
		7A5882282821C2CE007E3BB7 /* ChooseRideProvideViewController.swift */ = {isa = PBXFileReference; lastKnownFileType = sourcecode.swift; path = ChooseRideProvideViewController.swift; sourceTree = "<group>"; };
		7A58822A2821D81D007E3BB7 /* PublishRideViewController.swift */ = {isa = PBXFileReference; lastKnownFileType = sourcecode.swift; path = PublishRideViewController.swift; sourceTree = "<group>"; };
		7A58822C2821D82A007E3BB7 /* CancelRideViewController.swift */ = {isa = PBXFileReference; lastKnownFileType = sourcecode.swift; path = CancelRideViewController.swift; sourceTree = "<group>"; };
		7A58822E2821DA16007E3BB7 /* NeedRideViewController.swift */ = {isa = PBXFileReference; lastKnownFileType = sourcecode.swift; path = NeedRideViewController.swift; sourceTree = "<group>"; };
		7A70C730280E1A2300E98717 /* carpool.app */ = {isa = PBXFileReference; explicitFileType = wrapper.application; includeInIndex = 0; path = carpool.app; sourceTree = BUILT_PRODUCTS_DIR; };
		7A70C733280E1A2300E98717 /* AppDelegate.swift */ = {isa = PBXFileReference; lastKnownFileType = sourcecode.swift; path = AppDelegate.swift; sourceTree = "<group>"; };
		7A70C735280E1A2300E98717 /* SceneDelegate.swift */ = {isa = PBXFileReference; lastKnownFileType = sourcecode.swift; path = SceneDelegate.swift; sourceTree = "<group>"; };
		7A70C73A280E1A2300E98717 /* Base */ = {isa = PBXFileReference; lastKnownFileType = file.storyboard; name = Base; path = Base.lproj/Main.storyboard; sourceTree = "<group>"; };
		7A70C73C280E1A2400E98717 /* Assets.xcassets */ = {isa = PBXFileReference; lastKnownFileType = folder.assetcatalog; path = Assets.xcassets; sourceTree = "<group>"; };
		7A70C73F280E1A2400E98717 /* Base */ = {isa = PBXFileReference; lastKnownFileType = file.storyboard; name = Base; path = Base.lproj/LaunchScreen.storyboard; sourceTree = "<group>"; };
		7A70C741280E1A2400E98717 /* Info.plist */ = {isa = PBXFileReference; lastKnownFileType = text.plist.xml; path = Info.plist; sourceTree = "<group>"; };
		7A70C746280E1A2400E98717 /* carpoolTests.xctest */ = {isa = PBXFileReference; explicitFileType = wrapper.cfbundle; includeInIndex = 0; path = carpoolTests.xctest; sourceTree = BUILT_PRODUCTS_DIR; };
		7A70C74A280E1A2400E98717 /* carpoolTests.swift */ = {isa = PBXFileReference; lastKnownFileType = sourcecode.swift; path = carpoolTests.swift; sourceTree = "<group>"; };
		7A70C750280E1A2400E98717 /* carpoolUITests.xctest */ = {isa = PBXFileReference; explicitFileType = wrapper.cfbundle; includeInIndex = 0; path = carpoolUITests.xctest; sourceTree = BUILT_PRODUCTS_DIR; };
		7A70C754280E1A2400E98717 /* carpoolUITests.swift */ = {isa = PBXFileReference; lastKnownFileType = sourcecode.swift; path = carpoolUITests.swift; sourceTree = "<group>"; };
		7A70C756280E1A2400E98717 /* carpoolUITestsLaunchTests.swift */ = {isa = PBXFileReference; lastKnownFileType = sourcecode.swift; path = carpoolUITestsLaunchTests.swift; sourceTree = "<group>"; };
		88033979F30A11164BB07285 /* Pods-carpool.debug.xcconfig */ = {isa = PBXFileReference; includeInIndex = 1; lastKnownFileType = text.xcconfig; name = "Pods-carpool.debug.xcconfig"; path = "Target Support Files/Pods-carpool/Pods-carpool.debug.xcconfig"; sourceTree = "<group>"; };
		93D84B42FC9E61C4D461A656 /* Pods_carpool_carpoolUITests.framework */ = {isa = PBXFileReference; explicitFileType = wrapper.framework; includeInIndex = 0; path = Pods_carpool_carpoolUITests.framework; sourceTree = BUILT_PRODUCTS_DIR; };
		9D39F01F7DD7C529C60CD5EB /* Pods-carpool-carpoolUITests.release.xcconfig */ = {isa = PBXFileReference; includeInIndex = 1; lastKnownFileType = text.xcconfig; name = "Pods-carpool-carpoolUITests.release.xcconfig"; path = "Target Support Files/Pods-carpool-carpoolUITests/Pods-carpool-carpoolUITests.release.xcconfig"; sourceTree = "<group>"; };
		B5A7805C364390788EE98882 /* Pods_carpoolTests.framework */ = {isa = PBXFileReference; explicitFileType = wrapper.framework; includeInIndex = 0; path = Pods_carpoolTests.framework; sourceTree = BUILT_PRODUCTS_DIR; };
		B90404C8CB1F33FA40E88B77 /* Pods-carpoolTests.release.xcconfig */ = {isa = PBXFileReference; includeInIndex = 1; lastKnownFileType = text.xcconfig; name = "Pods-carpoolTests.release.xcconfig"; path = "Target Support Files/Pods-carpoolTests/Pods-carpoolTests.release.xcconfig"; sourceTree = "<group>"; };
		C55C10DEF82D16566908E76F /* Pods-carpool-carpoolUITests.debug.xcconfig */ = {isa = PBXFileReference; includeInIndex = 1; lastKnownFileType = text.xcconfig; name = "Pods-carpool-carpoolUITests.debug.xcconfig"; path = "Target Support Files/Pods-carpool-carpoolUITests/Pods-carpool-carpoolUITests.debug.xcconfig"; sourceTree = "<group>"; };
		D84A99372818D73C0001AE3D /* ChooseRideDetailsViewController.swift */ = {isa = PBXFileReference; lastKnownFileType = sourcecode.swift; path = ChooseRideDetailsViewController.swift; sourceTree = "<group>"; };
		D86096EC280E3176005827B9 /* ChooseRideCell.swift */ = {isa = PBXFileReference; lastKnownFileType = sourcecode.swift; path = ChooseRideCell.swift; sourceTree = "<group>"; };
		D86096EE280E497C005827B9 /* RequestRideViewController.swift */ = {isa = PBXFileReference; lastKnownFileType = sourcecode.swift; path = RequestRideViewController.swift; sourceTree = "<group>"; };
		D8B82E1A280E20E800623ED0 /* ChooseRideViewController.swift */ = {isa = PBXFileReference; lastKnownFileType = sourcecode.swift; path = ChooseRideViewController.swift; sourceTree = "<group>"; };
		D8B82E1E280E223000623ED0 /* NeedRideStoryboard.storyboard */ = {isa = PBXFileReference; lastKnownFileType = file.storyboard; path = NeedRideStoryboard.storyboard; sourceTree = "<group>"; };
/* End PBXFileReference section */

/* Begin PBXFrameworksBuildPhase section */
		7A70C72D280E1A2300E98717 /* Frameworks */ = {
			isa = PBXFrameworksBuildPhase;
			buildActionMask = 2147483647;
			files = (
				E1D26C1BC554911BFC32B8D0 /* Pods_carpool.framework in Frameworks */,
			);
			runOnlyForDeploymentPostprocessing = 0;
		};
		7A70C743280E1A2400E98717 /* Frameworks */ = {
			isa = PBXFrameworksBuildPhase;
			buildActionMask = 2147483647;
			files = (
				671E6AC49554CA677FEFA83C /* Pods_carpoolTests.framework in Frameworks */,
			);
			runOnlyForDeploymentPostprocessing = 0;
		};
		7A70C74D280E1A2400E98717 /* Frameworks */ = {
			isa = PBXFrameworksBuildPhase;
			buildActionMask = 2147483647;
			files = (
				9211EC8084174F4021DB19BB /* Pods_carpool_carpoolUITests.framework in Frameworks */,
			);
			runOnlyForDeploymentPostprocessing = 0;
		};
/* End PBXFrameworksBuildPhase section */

/* Begin PBXGroup section */
		44A61994B2FD152E1AE1B2E2 /* Frameworks */ = {
			isa = PBXGroup;
			children = (
				70DFA0FE749F60CF00E0AA87 /* Pods_carpool.framework */,
				93D84B42FC9E61C4D461A656 /* Pods_carpool_carpoolUITests.framework */,
				B5A7805C364390788EE98882 /* Pods_carpoolTests.framework */,
			);
			name = Frameworks;
			sourceTree = "<group>";
		};
		7A70C727280E1A2300E98717 = {
			isa = PBXGroup;
			children = (
				7A70C732280E1A2300E98717 /* carpool */,
				7A70C749280E1A2400E98717 /* carpoolTests */,
				7A70C753280E1A2400E98717 /* carpoolUITests */,
				7A70C731280E1A2300E98717 /* Products */,
				C884113D32D4C678CADD9B04 /* Pods */,
				44A61994B2FD152E1AE1B2E2 /* Frameworks */,
			);
			sourceTree = "<group>";
		};
		7A70C731280E1A2300E98717 /* Products */ = {
			isa = PBXGroup;
			children = (
				7A70C730280E1A2300E98717 /* carpool.app */,
				7A70C746280E1A2400E98717 /* carpoolTests.xctest */,
				7A70C750280E1A2400E98717 /* carpoolUITests.xctest */,
			);
			name = Products;
			sourceTree = "<group>";
		};
		7A70C732280E1A2300E98717 /* carpool */ = {
			isa = PBXGroup;
			children = (
				7A70C733280E1A2300E98717 /* AppDelegate.swift */,
				7A70C735280E1A2300E98717 /* SceneDelegate.swift */,
				7A70C739280E1A2300E98717 /* Main.storyboard */,
				D8B82E1E280E223000623ED0 /* NeedRideStoryboard.storyboard */,
				D84A99372818D73C0001AE3D /* ChooseRideDetailsViewController.swift */,
				D86096EE280E497C005827B9 /* RequestRideViewController.swift */,
				7A70C73C280E1A2400E98717 /* Assets.xcassets */,
				7A70C73E280E1A2400E98717 /* LaunchScreen.storyboard */,
				D8B82E1A280E20E800623ED0 /* ChooseRideViewController.swift */,
				D86096EC280E3176005827B9 /* ChooseRideCell.swift */,
				7A70C741280E1A2400E98717 /* Info.plist */,
				7A4401B22816090000536DDF /* LoginViewController.swift */,
				7A4401B42816090A00536DDF /* FeedViewController.swift */,
				7A5882262821C2B5007E3BB7 /* ChooseRideProvideCell.swift */,
				7A5882282821C2CE007E3BB7 /* ChooseRideProvideViewController.swift */,
				7A58822A2821D81D007E3BB7 /* PublishRideViewController.swift */,
				7A58822C2821D82A007E3BB7 /* CancelRideViewController.swift */,
				7A58822E2821DA16007E3BB7 /* NeedRideViewController.swift */,
			);
			path = carpool;
			sourceTree = "<group>";
		};
		7A70C749280E1A2400E98717 /* carpoolTests */ = {
			isa = PBXGroup;
			children = (
				7A70C74A280E1A2400E98717 /* carpoolTests.swift */,
			);
			path = carpoolTests;
			sourceTree = "<group>";
		};
		7A70C753280E1A2400E98717 /* carpoolUITests */ = {
			isa = PBXGroup;
			children = (
				7A70C754280E1A2400E98717 /* carpoolUITests.swift */,
				7A70C756280E1A2400E98717 /* carpoolUITestsLaunchTests.swift */,
			);
			path = carpoolUITests;
			sourceTree = "<group>";
		};
		C884113D32D4C678CADD9B04 /* Pods */ = {
			isa = PBXGroup;
			children = (
				88033979F30A11164BB07285 /* Pods-carpool.debug.xcconfig */,
				798FF39C0CFE8138A9873C76 /* Pods-carpool.release.xcconfig */,
				C55C10DEF82D16566908E76F /* Pods-carpool-carpoolUITests.debug.xcconfig */,
				9D39F01F7DD7C529C60CD5EB /* Pods-carpool-carpoolUITests.release.xcconfig */,
				2310A04D0D17EA679BE37DB8 /* Pods-carpoolTests.debug.xcconfig */,
				B90404C8CB1F33FA40E88B77 /* Pods-carpoolTests.release.xcconfig */,
			);
			path = Pods;
			sourceTree = "<group>";
		};
/* End PBXGroup section */

/* Begin PBXNativeTarget section */
		7A70C72F280E1A2300E98717 /* carpool */ = {
			isa = PBXNativeTarget;
			buildConfigurationList = 7A70C75A280E1A2400E98717 /* Build configuration list for PBXNativeTarget "carpool" */;
			buildPhases = (
				89198A960250899F88C6870F /* [CP] Check Pods Manifest.lock */,
				7A70C72C280E1A2300E98717 /* Sources */,
				7A70C72D280E1A2300E98717 /* Frameworks */,
				7A70C72E280E1A2300E98717 /* Resources */,
				5260CA075A282CD3349E275C /* [CP] Embed Pods Frameworks */,
			);
			buildRules = (
			);
			dependencies = (
			);
			name = carpool;
			productName = carpool;
			productReference = 7A70C730280E1A2300E98717 /* carpool.app */;
			productType = "com.apple.product-type.application";
		};
		7A70C745280E1A2400E98717 /* carpoolTests */ = {
			isa = PBXNativeTarget;
			buildConfigurationList = 7A70C75D280E1A2400E98717 /* Build configuration list for PBXNativeTarget "carpoolTests" */;
			buildPhases = (
				6CDC1027CEA1679092EBD574 /* [CP] Check Pods Manifest.lock */,
				7A70C742280E1A2400E98717 /* Sources */,
				7A70C743280E1A2400E98717 /* Frameworks */,
				7A70C744280E1A2400E98717 /* Resources */,
			);
			buildRules = (
			);
			dependencies = (
				7A70C748280E1A2400E98717 /* PBXTargetDependency */,
			);
			name = carpoolTests;
			productName = carpoolTests;
			productReference = 7A70C746280E1A2400E98717 /* carpoolTests.xctest */;
			productType = "com.apple.product-type.bundle.unit-test";
		};
		7A70C74F280E1A2400E98717 /* carpoolUITests */ = {
			isa = PBXNativeTarget;
			buildConfigurationList = 7A70C760280E1A2400E98717 /* Build configuration list for PBXNativeTarget "carpoolUITests" */;
			buildPhases = (
				0149DCB87D65DE3B1F950CE3 /* [CP] Check Pods Manifest.lock */,
				7A70C74C280E1A2400E98717 /* Sources */,
				7A70C74D280E1A2400E98717 /* Frameworks */,
				7A70C74E280E1A2400E98717 /* Resources */,
				954551A6A823441A4C3498C7 /* [CP] Embed Pods Frameworks */,
			);
			buildRules = (
			);
			dependencies = (
				7A70C752280E1A2400E98717 /* PBXTargetDependency */,
			);
			name = carpoolUITests;
			productName = carpoolUITests;
			productReference = 7A70C750280E1A2400E98717 /* carpoolUITests.xctest */;
			productType = "com.apple.product-type.bundle.ui-testing";
		};
/* End PBXNativeTarget section */

/* Begin PBXProject section */
		7A70C728280E1A2300E98717 /* Project object */ = {
			isa = PBXProject;
			attributes = {
				BuildIndependentTargetsInParallel = 1;
				LastSwiftUpdateCheck = 1330;
				LastUpgradeCheck = 1330;
				TargetAttributes = {
					7A70C72F280E1A2300E98717 = {
						CreatedOnToolsVersion = 13.3.1;
					};
					7A70C745280E1A2400E98717 = {
						CreatedOnToolsVersion = 13.3.1;
						TestTargetID = 7A70C72F280E1A2300E98717;
					};
					7A70C74F280E1A2400E98717 = {
						CreatedOnToolsVersion = 13.3.1;
						TestTargetID = 7A70C72F280E1A2300E98717;
					};
				};
			};
			buildConfigurationList = 7A70C72B280E1A2300E98717 /* Build configuration list for PBXProject "carpool" */;
			compatibilityVersion = "Xcode 13.0";
			developmentRegion = en;
			hasScannedForEncodings = 0;
			knownRegions = (
				en,
				Base,
			);
			mainGroup = 7A70C727280E1A2300E98717;
			productRefGroup = 7A70C731280E1A2300E98717 /* Products */;
			projectDirPath = "";
			projectRoot = "";
			targets = (
				7A70C72F280E1A2300E98717 /* carpool */,
				7A70C745280E1A2400E98717 /* carpoolTests */,
				7A70C74F280E1A2400E98717 /* carpoolUITests */,
			);
		};
/* End PBXProject section */

/* Begin PBXResourcesBuildPhase section */
		7A70C72E280E1A2300E98717 /* Resources */ = {
			isa = PBXResourcesBuildPhase;
			buildActionMask = 2147483647;
			files = (
				7A70C740280E1A2400E98717 /* LaunchScreen.storyboard in Resources */,
				D8B82E1F280E223000623ED0 /* NeedRideStoryboard.storyboard in Resources */,
				7A70C73D280E1A2400E98717 /* Assets.xcassets in Resources */,
				7A70C73B280E1A2300E98717 /* Main.storyboard in Resources */,
			);
			runOnlyForDeploymentPostprocessing = 0;
		};
		7A70C744280E1A2400E98717 /* Resources */ = {
			isa = PBXResourcesBuildPhase;
			buildActionMask = 2147483647;
			files = (
			);
			runOnlyForDeploymentPostprocessing = 0;
		};
		7A70C74E280E1A2400E98717 /* Resources */ = {
			isa = PBXResourcesBuildPhase;
			buildActionMask = 2147483647;
			files = (
			);
			runOnlyForDeploymentPostprocessing = 0;
		};
/* End PBXResourcesBuildPhase section */

/* Begin PBXShellScriptBuildPhase section */
		0149DCB87D65DE3B1F950CE3 /* [CP] Check Pods Manifest.lock */ = {
			isa = PBXShellScriptBuildPhase;
			buildActionMask = 2147483647;
			files = (
			);
			inputFileListPaths = (
			);
			inputPaths = (
				"${PODS_PODFILE_DIR_PATH}/Podfile.lock",
				"${PODS_ROOT}/Manifest.lock",
			);
			name = "[CP] Check Pods Manifest.lock";
			outputFileListPaths = (
			);
			outputPaths = (
				"$(DERIVED_FILE_DIR)/Pods-carpool-carpoolUITests-checkManifestLockResult.txt",
			);
			runOnlyForDeploymentPostprocessing = 0;
			shellPath = /bin/sh;
			shellScript = "diff \"${PODS_PODFILE_DIR_PATH}/Podfile.lock\" \"${PODS_ROOT}/Manifest.lock\" > /dev/null\nif [ $? != 0 ] ; then\n    # print error to STDERR\n    echo \"error: The sandbox is not in sync with the Podfile.lock. Run 'pod install' or update your CocoaPods installation.\" >&2\n    exit 1\nfi\n# This output is used by Xcode 'outputs' to avoid re-running this script phase.\necho \"SUCCESS\" > \"${SCRIPT_OUTPUT_FILE_0}\"\n";
			showEnvVarsInLog = 0;
		};
		5260CA075A282CD3349E275C /* [CP] Embed Pods Frameworks */ = {
			isa = PBXShellScriptBuildPhase;
			buildActionMask = 2147483647;
			files = (
			);
			inputFileListPaths = (
				"${PODS_ROOT}/Target Support Files/Pods-carpool/Pods-carpool-frameworks-${CONFIGURATION}-input-files.xcfilelist",
			);
			name = "[CP] Embed Pods Frameworks";
			outputFileListPaths = (
				"${PODS_ROOT}/Target Support Files/Pods-carpool/Pods-carpool-frameworks-${CONFIGURATION}-output-files.xcfilelist",
			);
			runOnlyForDeploymentPostprocessing = 0;
			shellPath = /bin/sh;
			shellScript = "\"${PODS_ROOT}/Target Support Files/Pods-carpool/Pods-carpool-frameworks.sh\"\n";
			showEnvVarsInLog = 0;
		};
		6CDC1027CEA1679092EBD574 /* [CP] Check Pods Manifest.lock */ = {
			isa = PBXShellScriptBuildPhase;
			buildActionMask = 2147483647;
			files = (
			);
			inputFileListPaths = (
			);
			inputPaths = (
				"${PODS_PODFILE_DIR_PATH}/Podfile.lock",
				"${PODS_ROOT}/Manifest.lock",
			);
			name = "[CP] Check Pods Manifest.lock";
			outputFileListPaths = (
			);
			outputPaths = (
				"$(DERIVED_FILE_DIR)/Pods-carpoolTests-checkManifestLockResult.txt",
			);
			runOnlyForDeploymentPostprocessing = 0;
			shellPath = /bin/sh;
			shellScript = "diff \"${PODS_PODFILE_DIR_PATH}/Podfile.lock\" \"${PODS_ROOT}/Manifest.lock\" > /dev/null\nif [ $? != 0 ] ; then\n    # print error to STDERR\n    echo \"error: The sandbox is not in sync with the Podfile.lock. Run 'pod install' or update your CocoaPods installation.\" >&2\n    exit 1\nfi\n# This output is used by Xcode 'outputs' to avoid re-running this script phase.\necho \"SUCCESS\" > \"${SCRIPT_OUTPUT_FILE_0}\"\n";
			showEnvVarsInLog = 0;
		};
		89198A960250899F88C6870F /* [CP] Check Pods Manifest.lock */ = {
			isa = PBXShellScriptBuildPhase;
			buildActionMask = 2147483647;
			files = (
			);
			inputFileListPaths = (
			);
			inputPaths = (
				"${PODS_PODFILE_DIR_PATH}/Podfile.lock",
				"${PODS_ROOT}/Manifest.lock",
			);
			name = "[CP] Check Pods Manifest.lock";
			outputFileListPaths = (
			);
			outputPaths = (
				"$(DERIVED_FILE_DIR)/Pods-carpool-checkManifestLockResult.txt",
			);
			runOnlyForDeploymentPostprocessing = 0;
			shellPath = /bin/sh;
			shellScript = "diff \"${PODS_PODFILE_DIR_PATH}/Podfile.lock\" \"${PODS_ROOT}/Manifest.lock\" > /dev/null\nif [ $? != 0 ] ; then\n    # print error to STDERR\n    echo \"error: The sandbox is not in sync with the Podfile.lock. Run 'pod install' or update your CocoaPods installation.\" >&2\n    exit 1\nfi\n# This output is used by Xcode 'outputs' to avoid re-running this script phase.\necho \"SUCCESS\" > \"${SCRIPT_OUTPUT_FILE_0}\"\n";
			showEnvVarsInLog = 0;
		};
		954551A6A823441A4C3498C7 /* [CP] Embed Pods Frameworks */ = {
			isa = PBXShellScriptBuildPhase;
			buildActionMask = 2147483647;
			files = (
			);
			inputFileListPaths = (
				"${PODS_ROOT}/Target Support Files/Pods-carpool-carpoolUITests/Pods-carpool-carpoolUITests-frameworks-${CONFIGURATION}-input-files.xcfilelist",
			);
			name = "[CP] Embed Pods Frameworks";
			outputFileListPaths = (
				"${PODS_ROOT}/Target Support Files/Pods-carpool-carpoolUITests/Pods-carpool-carpoolUITests-frameworks-${CONFIGURATION}-output-files.xcfilelist",
			);
			runOnlyForDeploymentPostprocessing = 0;
			shellPath = /bin/sh;
			shellScript = "\"${PODS_ROOT}/Target Support Files/Pods-carpool-carpoolUITests/Pods-carpool-carpoolUITests-frameworks.sh\"\n";
			showEnvVarsInLog = 0;
		};
/* End PBXShellScriptBuildPhase section */

/* Begin PBXSourcesBuildPhase section */
		7A70C72C280E1A2300E98717 /* Sources */ = {
			isa = PBXSourcesBuildPhase;
			buildActionMask = 2147483647;
			files = (
				7A4401B32816090000536DDF /* LoginViewController.swift in Sources */,
				D8B82E1B280E20E800623ED0 /* ChooseRideViewController.swift in Sources */,
				7A5882272821C2B5007E3BB7 /* ChooseRideProvideCell.swift in Sources */,
				7A58822F2821DA16007E3BB7 /* NeedRideViewController.swift in Sources */,
				D84A99382818D73C0001AE3D /* ChooseRideDetailsViewController.swift in Sources */,
				7A58822B2821D81D007E3BB7 /* PublishRideViewController.swift in Sources */,
				D86096ED280E3176005827B9 /* ChooseRideCell.swift in Sources */,
				7A58822D2821D82A007E3BB7 /* CancelRideViewController.swift in Sources */,
				7A70C734280E1A2300E98717 /* AppDelegate.swift in Sources */,
				D86096EF280E497C005827B9 /* RequestRideViewController.swift in Sources */,
				7A5882292821C2CE007E3BB7 /* ChooseRideProvideViewController.swift in Sources */,
				7A4401B52816090A00536DDF /* FeedViewController.swift in Sources */,
				7A70C736280E1A2300E98717 /* SceneDelegate.swift in Sources */,
			);
			runOnlyForDeploymentPostprocessing = 0;
		};
		7A70C742280E1A2400E98717 /* Sources */ = {
			isa = PBXSourcesBuildPhase;
			buildActionMask = 2147483647;
			files = (
				7A70C74B280E1A2400E98717 /* carpoolTests.swift in Sources */,
			);
			runOnlyForDeploymentPostprocessing = 0;
		};
		7A70C74C280E1A2400E98717 /* Sources */ = {
			isa = PBXSourcesBuildPhase;
			buildActionMask = 2147483647;
			files = (
				7A70C755280E1A2400E98717 /* carpoolUITests.swift in Sources */,
				7A70C757280E1A2400E98717 /* carpoolUITestsLaunchTests.swift in Sources */,
			);
			runOnlyForDeploymentPostprocessing = 0;
		};
/* End PBXSourcesBuildPhase section */

/* Begin PBXTargetDependency section */
		7A70C748280E1A2400E98717 /* PBXTargetDependency */ = {
			isa = PBXTargetDependency;
			target = 7A70C72F280E1A2300E98717 /* carpool */;
			targetProxy = 7A70C747280E1A2400E98717 /* PBXContainerItemProxy */;
		};
		7A70C752280E1A2400E98717 /* PBXTargetDependency */ = {
			isa = PBXTargetDependency;
			target = 7A70C72F280E1A2300E98717 /* carpool */;
			targetProxy = 7A70C751280E1A2400E98717 /* PBXContainerItemProxy */;
		};
/* End PBXTargetDependency section */

/* Begin PBXVariantGroup section */
		7A70C739280E1A2300E98717 /* Main.storyboard */ = {
			isa = PBXVariantGroup;
			children = (
				7A70C73A280E1A2300E98717 /* Base */,
			);
			name = Main.storyboard;
			sourceTree = "<group>";
		};
		7A70C73E280E1A2400E98717 /* LaunchScreen.storyboard */ = {
			isa = PBXVariantGroup;
			children = (
				7A70C73F280E1A2400E98717 /* Base */,
			);
			name = LaunchScreen.storyboard;
			sourceTree = "<group>";
		};
/* End PBXVariantGroup section */

/* Begin XCBuildConfiguration section */
		7A70C758280E1A2400E98717 /* Debug */ = {
			isa = XCBuildConfiguration;
			buildSettings = {
				ALWAYS_SEARCH_USER_PATHS = NO;
				CLANG_ANALYZER_NONNULL = YES;
				CLANG_ANALYZER_NUMBER_OBJECT_CONVERSION = YES_AGGRESSIVE;
				CLANG_CXX_LANGUAGE_STANDARD = "gnu++17";
				CLANG_ENABLE_MODULES = YES;
				CLANG_ENABLE_OBJC_ARC = YES;
				CLANG_ENABLE_OBJC_WEAK = YES;
				CLANG_WARN_BLOCK_CAPTURE_AUTORELEASING = YES;
				CLANG_WARN_BOOL_CONVERSION = YES;
				CLANG_WARN_COMMA = YES;
				CLANG_WARN_CONSTANT_CONVERSION = YES;
				CLANG_WARN_DEPRECATED_OBJC_IMPLEMENTATIONS = YES;
				CLANG_WARN_DIRECT_OBJC_ISA_USAGE = YES_ERROR;
				CLANG_WARN_DOCUMENTATION_COMMENTS = YES;
				CLANG_WARN_EMPTY_BODY = YES;
				CLANG_WARN_ENUM_CONVERSION = YES;
				CLANG_WARN_INFINITE_RECURSION = YES;
				CLANG_WARN_INT_CONVERSION = YES;
				CLANG_WARN_NON_LITERAL_NULL_CONVERSION = YES;
				CLANG_WARN_OBJC_IMPLICIT_RETAIN_SELF = YES;
				CLANG_WARN_OBJC_LITERAL_CONVERSION = YES;
				CLANG_WARN_OBJC_ROOT_CLASS = YES_ERROR;
				CLANG_WARN_QUOTED_INCLUDE_IN_FRAMEWORK_HEADER = YES;
				CLANG_WARN_RANGE_LOOP_ANALYSIS = YES;
				CLANG_WARN_STRICT_PROTOTYPES = YES;
				CLANG_WARN_SUSPICIOUS_MOVE = YES;
				CLANG_WARN_UNGUARDED_AVAILABILITY = YES_AGGRESSIVE;
				CLANG_WARN_UNREACHABLE_CODE = YES;
				CLANG_WARN__DUPLICATE_METHOD_MATCH = YES;
				COPY_PHASE_STRIP = NO;
				DEBUG_INFORMATION_FORMAT = dwarf;
				ENABLE_STRICT_OBJC_MSGSEND = YES;
				ENABLE_TESTABILITY = YES;
				GCC_C_LANGUAGE_STANDARD = gnu11;
				GCC_DYNAMIC_NO_PIC = NO;
				GCC_NO_COMMON_BLOCKS = YES;
				GCC_OPTIMIZATION_LEVEL = 0;
				GCC_PREPROCESSOR_DEFINITIONS = (
					"DEBUG=1",
					"$(inherited)",
				);
				GCC_WARN_64_TO_32_BIT_CONVERSION = YES;
				GCC_WARN_ABOUT_RETURN_TYPE = YES_ERROR;
				GCC_WARN_UNDECLARED_SELECTOR = YES;
				GCC_WARN_UNINITIALIZED_AUTOS = YES_AGGRESSIVE;
				GCC_WARN_UNUSED_FUNCTION = YES;
				GCC_WARN_UNUSED_VARIABLE = YES;
				IPHONEOS_DEPLOYMENT_TARGET = 15.4;
				MTL_ENABLE_DEBUG_INFO = INCLUDE_SOURCE;
				MTL_FAST_MATH = YES;
				ONLY_ACTIVE_ARCH = YES;
				SDKROOT = iphoneos;
				SWIFT_ACTIVE_COMPILATION_CONDITIONS = DEBUG;
				SWIFT_OPTIMIZATION_LEVEL = "-Onone";
			};
			name = Debug;
		};
		7A70C759280E1A2400E98717 /* Release */ = {
			isa = XCBuildConfiguration;
			buildSettings = {
				ALWAYS_SEARCH_USER_PATHS = NO;
				CLANG_ANALYZER_NONNULL = YES;
				CLANG_ANALYZER_NUMBER_OBJECT_CONVERSION = YES_AGGRESSIVE;
				CLANG_CXX_LANGUAGE_STANDARD = "gnu++17";
				CLANG_ENABLE_MODULES = YES;
				CLANG_ENABLE_OBJC_ARC = YES;
				CLANG_ENABLE_OBJC_WEAK = YES;
				CLANG_WARN_BLOCK_CAPTURE_AUTORELEASING = YES;
				CLANG_WARN_BOOL_CONVERSION = YES;
				CLANG_WARN_COMMA = YES;
				CLANG_WARN_CONSTANT_CONVERSION = YES;
				CLANG_WARN_DEPRECATED_OBJC_IMPLEMENTATIONS = YES;
				CLANG_WARN_DIRECT_OBJC_ISA_USAGE = YES_ERROR;
				CLANG_WARN_DOCUMENTATION_COMMENTS = YES;
				CLANG_WARN_EMPTY_BODY = YES;
				CLANG_WARN_ENUM_CONVERSION = YES;
				CLANG_WARN_INFINITE_RECURSION = YES;
				CLANG_WARN_INT_CONVERSION = YES;
				CLANG_WARN_NON_LITERAL_NULL_CONVERSION = YES;
				CLANG_WARN_OBJC_IMPLICIT_RETAIN_SELF = YES;
				CLANG_WARN_OBJC_LITERAL_CONVERSION = YES;
				CLANG_WARN_OBJC_ROOT_CLASS = YES_ERROR;
				CLANG_WARN_QUOTED_INCLUDE_IN_FRAMEWORK_HEADER = YES;
				CLANG_WARN_RANGE_LOOP_ANALYSIS = YES;
				CLANG_WARN_STRICT_PROTOTYPES = YES;
				CLANG_WARN_SUSPICIOUS_MOVE = YES;
				CLANG_WARN_UNGUARDED_AVAILABILITY = YES_AGGRESSIVE;
				CLANG_WARN_UNREACHABLE_CODE = YES;
				CLANG_WARN__DUPLICATE_METHOD_MATCH = YES;
				COPY_PHASE_STRIP = NO;
				DEBUG_INFORMATION_FORMAT = "dwarf-with-dsym";
				ENABLE_NS_ASSERTIONS = NO;
				ENABLE_STRICT_OBJC_MSGSEND = YES;
				GCC_C_LANGUAGE_STANDARD = gnu11;
				GCC_NO_COMMON_BLOCKS = YES;
				GCC_WARN_64_TO_32_BIT_CONVERSION = YES;
				GCC_WARN_ABOUT_RETURN_TYPE = YES_ERROR;
				GCC_WARN_UNDECLARED_SELECTOR = YES;
				GCC_WARN_UNINITIALIZED_AUTOS = YES_AGGRESSIVE;
				GCC_WARN_UNUSED_FUNCTION = YES;
				GCC_WARN_UNUSED_VARIABLE = YES;
				IPHONEOS_DEPLOYMENT_TARGET = 15.4;
				MTL_ENABLE_DEBUG_INFO = NO;
				MTL_FAST_MATH = YES;
				SDKROOT = iphoneos;
				SWIFT_COMPILATION_MODE = wholemodule;
				SWIFT_OPTIMIZATION_LEVEL = "-O";
				VALIDATE_PRODUCT = YES;
			};
			name = Release;
		};
		7A70C75B280E1A2400E98717 /* Debug */ = {
			isa = XCBuildConfiguration;
			baseConfigurationReference = 88033979F30A11164BB07285 /* Pods-carpool.debug.xcconfig */;
			buildSettings = {
				ASSETCATALOG_COMPILER_APPICON_NAME = AppIcon;
				ASSETCATALOG_COMPILER_GLOBAL_ACCENT_COLOR_NAME = AccentColor;
				CODE_SIGN_STYLE = Automatic;
				CURRENT_PROJECT_VERSION = 1;
				GENERATE_INFOPLIST_FILE = YES;
				INFOPLIST_FILE = carpool/Info.plist;
				INFOPLIST_KEY_UIApplicationSupportsIndirectInputEvents = YES;
				INFOPLIST_KEY_UILaunchStoryboardName = LaunchScreen;
				INFOPLIST_KEY_UIMainStoryboardFile = Main;
				INFOPLIST_KEY_UISupportedInterfaceOrientations_iPad = "UIInterfaceOrientationPortrait UIInterfaceOrientationPortraitUpsideDown UIInterfaceOrientationLandscapeLeft UIInterfaceOrientationLandscapeRight";
				INFOPLIST_KEY_UISupportedInterfaceOrientations_iPhone = "UIInterfaceOrientationPortrait UIInterfaceOrientationLandscapeLeft UIInterfaceOrientationLandscapeRight";
				LD_RUNPATH_SEARCH_PATHS = (
					"$(inherited)",
					"@executable_path/Frameworks",
				);
				MARKETING_VERSION = 1.0;
				PRODUCT_BUNDLE_IDENTIFIER = edu.vassar.codepath.carpool;
				PRODUCT_NAME = "$(TARGET_NAME)";
				SWIFT_EMIT_LOC_STRINGS = YES;
				SWIFT_VERSION = 5.0;
				TARGETED_DEVICE_FAMILY = "1,2";
			};
			name = Debug;
		};
		7A70C75C280E1A2400E98717 /* Release */ = {
			isa = XCBuildConfiguration;
			baseConfigurationReference = 798FF39C0CFE8138A9873C76 /* Pods-carpool.release.xcconfig */;
			buildSettings = {
				ASSETCATALOG_COMPILER_APPICON_NAME = AppIcon;
				ASSETCATALOG_COMPILER_GLOBAL_ACCENT_COLOR_NAME = AccentColor;
				CODE_SIGN_STYLE = Automatic;
				CURRENT_PROJECT_VERSION = 1;
				GENERATE_INFOPLIST_FILE = YES;
				INFOPLIST_FILE = carpool/Info.plist;
				INFOPLIST_KEY_UIApplicationSupportsIndirectInputEvents = YES;
				INFOPLIST_KEY_UILaunchStoryboardName = LaunchScreen;
				INFOPLIST_KEY_UIMainStoryboardFile = Main;
				INFOPLIST_KEY_UISupportedInterfaceOrientations_iPad = "UIInterfaceOrientationPortrait UIInterfaceOrientationPortraitUpsideDown UIInterfaceOrientationLandscapeLeft UIInterfaceOrientationLandscapeRight";
				INFOPLIST_KEY_UISupportedInterfaceOrientations_iPhone = "UIInterfaceOrientationPortrait UIInterfaceOrientationLandscapeLeft UIInterfaceOrientationLandscapeRight";
				LD_RUNPATH_SEARCH_PATHS = (
					"$(inherited)",
					"@executable_path/Frameworks",
				);
				MARKETING_VERSION = 1.0;
				PRODUCT_BUNDLE_IDENTIFIER = edu.vassar.codepath.carpool;
				PRODUCT_NAME = "$(TARGET_NAME)";
				SWIFT_EMIT_LOC_STRINGS = YES;
				SWIFT_VERSION = 5.0;
				TARGETED_DEVICE_FAMILY = "1,2";
			};
			name = Release;
		};
		7A70C75E280E1A2400E98717 /* Debug */ = {
			isa = XCBuildConfiguration;
			baseConfigurationReference = 2310A04D0D17EA679BE37DB8 /* Pods-carpoolTests.debug.xcconfig */;
			buildSettings = {
				ALWAYS_EMBED_SWIFT_STANDARD_LIBRARIES = YES;
				BUNDLE_LOADER = "$(TEST_HOST)";
				CODE_SIGN_STYLE = Automatic;
				CURRENT_PROJECT_VERSION = 1;
				GENERATE_INFOPLIST_FILE = YES;
				IPHONEOS_DEPLOYMENT_TARGET = 15.4;
				MARKETING_VERSION = 1.0;
				PRODUCT_BUNDLE_IDENTIFIER = edu.vassar.codepath.carpoolTests;
				PRODUCT_NAME = "$(TARGET_NAME)";
				SWIFT_EMIT_LOC_STRINGS = NO;
				SWIFT_VERSION = 5.0;
				TARGETED_DEVICE_FAMILY = "1,2";
				TEST_HOST = "$(BUILT_PRODUCTS_DIR)/carpool.app/carpool";
			};
			name = Debug;
		};
		7A70C75F280E1A2400E98717 /* Release */ = {
			isa = XCBuildConfiguration;
			baseConfigurationReference = B90404C8CB1F33FA40E88B77 /* Pods-carpoolTests.release.xcconfig */;
			buildSettings = {
				ALWAYS_EMBED_SWIFT_STANDARD_LIBRARIES = YES;
				BUNDLE_LOADER = "$(TEST_HOST)";
				CODE_SIGN_STYLE = Automatic;
				CURRENT_PROJECT_VERSION = 1;
				GENERATE_INFOPLIST_FILE = YES;
				IPHONEOS_DEPLOYMENT_TARGET = 15.4;
				MARKETING_VERSION = 1.0;
				PRODUCT_BUNDLE_IDENTIFIER = edu.vassar.codepath.carpoolTests;
				PRODUCT_NAME = "$(TARGET_NAME)";
				SWIFT_EMIT_LOC_STRINGS = NO;
				SWIFT_VERSION = 5.0;
				TARGETED_DEVICE_FAMILY = "1,2";
				TEST_HOST = "$(BUILT_PRODUCTS_DIR)/carpool.app/carpool";
			};
			name = Release;
		};
		7A70C761280E1A2400E98717 /* Debug */ = {
			isa = XCBuildConfiguration;
			baseConfigurationReference = C55C10DEF82D16566908E76F /* Pods-carpool-carpoolUITests.debug.xcconfig */;
			buildSettings = {
				ALWAYS_EMBED_SWIFT_STANDARD_LIBRARIES = YES;
				CODE_SIGN_STYLE = Automatic;
				CURRENT_PROJECT_VERSION = 1;
				GENERATE_INFOPLIST_FILE = YES;
				MARKETING_VERSION = 1.0;
				PRODUCT_BUNDLE_IDENTIFIER = edu.vassar.codepath.carpoolUITests;
				PRODUCT_NAME = "$(TARGET_NAME)";
				SWIFT_EMIT_LOC_STRINGS = NO;
				SWIFT_VERSION = 5.0;
				TARGETED_DEVICE_FAMILY = "1,2";
				TEST_TARGET_NAME = carpool;
			};
			name = Debug;
		};
		7A70C762280E1A2400E98717 /* Release */ = {
			isa = XCBuildConfiguration;
			baseConfigurationReference = 9D39F01F7DD7C529C60CD5EB /* Pods-carpool-carpoolUITests.release.xcconfig */;
			buildSettings = {
				ALWAYS_EMBED_SWIFT_STANDARD_LIBRARIES = YES;
				CODE_SIGN_STYLE = Automatic;
				CURRENT_PROJECT_VERSION = 1;
				GENERATE_INFOPLIST_FILE = YES;
				MARKETING_VERSION = 1.0;
				PRODUCT_BUNDLE_IDENTIFIER = edu.vassar.codepath.carpoolUITests;
				PRODUCT_NAME = "$(TARGET_NAME)";
				SWIFT_EMIT_LOC_STRINGS = NO;
				SWIFT_VERSION = 5.0;
				TARGETED_DEVICE_FAMILY = "1,2";
				TEST_TARGET_NAME = carpool;
			};
			name = Release;
		};
/* End XCBuildConfiguration section */

/* Begin XCConfigurationList section */
		7A70C72B280E1A2300E98717 /* Build configuration list for PBXProject "carpool" */ = {
			isa = XCConfigurationList;
			buildConfigurations = (
				7A70C758280E1A2400E98717 /* Debug */,
				7A70C759280E1A2400E98717 /* Release */,
			);
			defaultConfigurationIsVisible = 0;
			defaultConfigurationName = Release;
		};
		7A70C75A280E1A2400E98717 /* Build configuration list for PBXNativeTarget "carpool" */ = {
			isa = XCConfigurationList;
			buildConfigurations = (
				7A70C75B280E1A2400E98717 /* Debug */,
				7A70C75C280E1A2400E98717 /* Release */,
			);
			defaultConfigurationIsVisible = 0;
			defaultConfigurationName = Release;
		};
		7A70C75D280E1A2400E98717 /* Build configuration list for PBXNativeTarget "carpoolTests" */ = {
			isa = XCConfigurationList;
			buildConfigurations = (
				7A70C75E280E1A2400E98717 /* Debug */,
				7A70C75F280E1A2400E98717 /* Release */,
			);
			defaultConfigurationIsVisible = 0;
			defaultConfigurationName = Release;
		};
		7A70C760280E1A2400E98717 /* Build configuration list for PBXNativeTarget "carpoolUITests" */ = {
			isa = XCConfigurationList;
			buildConfigurations = (
				7A70C761280E1A2400E98717 /* Debug */,
				7A70C762280E1A2400E98717 /* Release */,
			);
			defaultConfigurationIsVisible = 0;
			defaultConfigurationName = Release;
		};
/* End XCConfigurationList section */
	};
	rootObject = 7A70C728280E1A2300E98717 /* Project object */;
}
